
Microsoft Visual Studio Solution File, Format Version 12.00
# Visual Studio 15
VisualStudioVersion = 15.0.28307.1433
MinimumVisualStudioVersion = 10.0.40219.1
Project("{FAE04EC0-301F-11D3-BF4B-00C04F79EFBC}") = "PTC_Game-Velha", "PTC_Game-Velha\PTC_Game-Velha.csproj", "{70534D8A-5FD6-48AC-ADAD-3ABDBD569EFD}"
EndProject
Global
	GlobalSection(SolutionConfigurationPlatforms) = preSolution
		Debug|Any CPU = Debug|Any CPU
		Release|Any CPU = Release|Any CPU
	EndGlobalSection
	GlobalSection(ProjectConfigurationPlatforms) = postSolution
		{70534D8A-5FD6-48AC-ADAD-3ABDBD569EFD}.Debug|Any CPU.ActiveCfg = Debug|Any CPU
		{70534D8A-5FD6-48AC-ADAD-3ABDBD569EFD}.Debug|Any CPU.Build.0 = Debug|Any CPU
		{70534D8A-5FD6-48AC-ADAD-3ABDBD569EFD}.Release|Any CPU.ActiveCfg = Release|Any CPU
		{70534D8A-5FD6-48AC-ADAD-3ABDBD569EFD}.Release|Any CPU.Build.0 = Release|Any CPU
	EndGlobalSection
	GlobalSection(SolutionProperties) = preSolution
		HideSolutionNode = FALSE
	EndGlobalSection
	GlobalSection(ExtensibilityGlobals) = postSolution
		SolutionGuid = {32649811-4852-4EE4-9CDD-BBE1091FFEC6}
	EndGlobalSection
EndGlobal
